
Microsoft Visual Studio Solution File, Format Version 12.00
Project("{FAE04EC0-301F-11D3-BF4B-00C04F79EFBC}") = "Proyecto.Core", "Proyecto.Core\Proyecto.Core.csproj", "{15DACE38-7E05-40BF-982B-6DEB75DB3586}"
EndProject
Project("{FAE04EC0-301F-11D3-BF4B-00C04F79EFBC}") = "Proyecto.Tests", "Proyecto.Tests\Proyecto.Tests.csproj", "{B53D1E27-DE27-447C-86B2-D06372C68D50}"
EndProject
Project("{FAE04EC0-301F-11D3-BF4B-00C04F79EFBC}") = "Proyecto.Api", "Proyecto.Api\Proyecto.Api.csproj", "{C5236845-F091-42E9-90C2-8E7670F4BBBE}"
EndProject
Global
	GlobalSection(SolutionConfigurationPlatforms) = preSolution
		Debug|Any CPU = Debug|Any CPU
		Release|Any CPU = Release|Any CPU
	EndGlobalSection
	GlobalSection(ProjectConfigurationPlatforms) = postSolution
		{15DACE38-7E05-40BF-982B-6DEB75DB3586}.Debug|Any CPU.ActiveCfg = Debug|Any CPU
		{15DACE38-7E05-40BF-982B-6DEB75DB3586}.Debug|Any CPU.Build.0 = Debug|Any CPU
		{15DACE38-7E05-40BF-982B-6DEB75DB3586}.Release|Any CPU.ActiveCfg = Release|Any CPU
		{15DACE38-7E05-40BF-982B-6DEB75DB3586}.Release|Any CPU.Build.0 = Release|Any CPU
		{B53D1E27-DE27-447C-86B2-D06372C68D50}.Debug|Any CPU.ActiveCfg = Debug|Any CPU
		{B53D1E27-DE27-447C-86B2-D06372C68D50}.Debug|Any CPU.Build.0 = Debug|Any CPU
		{B53D1E27-DE27-447C-86B2-D06372C68D50}.Release|Any CPU.ActiveCfg = Release|Any CPU
		{B53D1E27-DE27-447C-86B2-D06372C68D50}.Release|Any CPU.Build.0 = Release|Any CPU
		{C5236845-F091-42E9-90C2-8E7670F4BBBE}.Debug|Any CPU.ActiveCfg = Debug|Any CPU
		{C5236845-F091-42E9-90C2-8E7670F4BBBE}.Debug|Any CPU.Build.0 = Debug|Any CPU
		{C5236845-F091-42E9-90C2-8E7670F4BBBE}.Release|Any CPU.ActiveCfg = Release|Any CPU
		{C5236845-F091-42E9-90C2-8E7670F4BBBE}.Release|Any CPU.Build.0 = Release|Any CPU
	EndGlobalSection
EndGlobal
